{
  "version": 4,
  "terraform_version": "1.9.0",
  "serial": 462,
  "lineage": "64e6e844-0419-9438-1274-50efe56d0e98",
  "outputs": {
    "account_id": {
      "value": "659797033228",
      "type": "string"
    },
    "cluster_name": {
      "value": "demo-project-cluster",
      "type": "string"
    },
    "console_login_url": {
      "value": "https://console.aws.amazon.com/",
      "type": "string"
    },
    "ecr_repository_url": {
      "value": "659797033228.dkr.ecr.us-east-1.amazonaws.com/demo-project-ecr-repo",
      "type": "string"
    },
    "endpoint": {
      "value": "https://F22277E674630C9EEE3E0EFC738DFDA0.gr7.us-east-1.eks.amazonaws.com",
      "type": "string"
    },
    "iam_user_password": {
      "value": "c0)ym'3Ej|nDv@(hKz)J",
      "type": "string"
    },
    "iam_username": {
      "value": "ro-user-ecr-eks",
      "type": "string"
    },
    "kubeconfig-certificate-authority-data": {
      "value": "LS0tLS1CRUdJTiBDRVJUSUZJQ0FURS0tLS0tCk1JSURCVENDQWUyZ0F3SUJBZ0lJR1JoTzhCMEh2NFV3RFFZSktvWklodmNOQVFFTEJRQXdGVEVUTUJFR0ExVUUKQXhNS2EzVmlaWEp1WlhSbGN6QWVGdzB5TkRFeU1Ea3hNREUwTXpaYUZ3MHpOREV5TURjeE1ERTVNelphTUJVeApFekFSQmdOVkJBTVRDbXQxWW1WeWJtVjBaWE13Z2dFaU1BMEdDU3FHU0liM0RRRUJBUVVBQTRJQkR3QXdnZ0VLCkFvSUJBUUN2cmxzR2VHbmFSZTBBRGwrcHRqbHBKNkF0b2swWkZZTEtXNUNaQXBldkRwekJMZnZRRVZsbzN5VGwKNzlYWkpqdXdxcjU0Z3RQM3VyV3FTaHhzZlhRSitxMHZWdk1xVUlSWXRXUXFMazkxSCttb29nYTB4UTNzeFAxegpYS0tUbnJVRGt6ejViODh2ajF3d1JpdDhzYVVKOC96NUIzMHBEd2cxQXFOYkltN2xncmZFUzR1cXZ2NTRyT0g1CjFtUUQ0bk0yZUM2RE0xK2ljc2dvNVZNMUFCT25HWUNJenFFaVZSdDdVc2FuengvckorVU40dW85SzJTTkIwS0EKdDY1enBOSnRwbU1DSm9TRExZd2lnSE81SGhjSnZJQko3clJlREZoRll1b2FPK1ZkdGozUDZNR1BKREhCc2ljVgpUMXQrK29SeTVhdi96L21ibFB4ZWRIRERJWU83QWdNQkFBR2pXVEJYTUE0R0ExVWREd0VCL3dRRUF3SUNwREFQCkJnTlZIUk1CQWY4RUJUQURBUUgvTUIwR0ExVWREZ1FXQkJTVmJxb0UvbEpWNU5pb3l0YmdqMDFwbjBlMHBEQVYKQmdOVkhSRUVEakFNZ2dwcmRXSmxjbTVsZEdWek1BMEdDU3FHU0liM0RRRUJDd1VBQTRJQkFRQjVqdVZIUzJyTApFUXN2Mk9JYlkyWEFXUnJpKy9oa1hYS1Rqb1VaS3d4azhUU2xFRkpnUlpkRGplSm9KU3pWeEM5dW1HVG5kQ2ZhCndaWit2WE02NmFlSHdkTURFK0tQUWRDK0o3eFBNcm9RRWd4d3lXSWpzd0JITmhIUFFOYWtERGtVWnZpNjJXYysKSHJHMnY2MEFyVHRNZUU3RUdKaDBEYm1aSkptN210UTViYVlnaU9taGJXMyswUUtMbU05UXYzeHdRNzNuVVRmSgo0MmlMUHdDMUZKaTBBV1EvM255a1hCVVlraktRdFZhY1JKZW1QOWR3NTVhTWZrMkFaZWVrQkoxVm9jeUt2aWxhCmprdG1xZFpieWNXZXVVQWZCUTdBaTJzcGVRZFMwaWFOZjBYMjFmTWhUUjJETVFJelgvR1pHZXlqeUkyeGZGT1oKVEtYNGZiVXkzR0ZRCi0tLS0tRU5EIENFUlRJRklDQVRFLS0tLS0K",
      "type": "string"
    }
  },
  "resources": [
    {
      "mode": "data",
      "type": "aws_availability_zone",
      "name": "us-east-zone",
      "provider": "provider[\"registry.terraform.io/hashicorp/aws\"]",
      "instances": [
        {
          "schema_version": 0,
          "attributes": {
            "all_availability_zones": null,
            "filter": null,
            "group_name": "us-east-1",
            "id": "us-east-1a",
            "name": "us-east-1a",
            "name_suffix": "a",
            "network_border_group": "us-east-1",
            "opt_in_status": "opt-in-not-required",
            "parent_zone_id": "",
            "parent_zone_name": "",
            "region": "us-east-1",
            "state": "available",
            "timeouts": null,
            "zone_id": "use1-az1",
            "zone_type": "availability-zone"
          },
          "sensitive_attributes": []
        }
      ]
    },
    {
      "mode": "data",
      "type": "aws_availability_zones",
      "name": "available",
      "provider": "provider[\"registry.terraform.io/hashicorp/aws\"]",
      "instances": [
        {
          "schema_version": 0,
          "attributes": {
            "all_availability_zones": null,
            "exclude_names": null,
            "exclude_zone_ids": null,
            "filter": null,
            "group_names": [
              "us-east-1"
            ],
            "id": "us-east-1",
            "names": [
              "us-east-1a",
              "us-east-1b",
              "us-east-1c",
              "us-east-1d",
              "us-east-1e",
              "us-east-1f"
            ],
            "state": "available",
            "timeouts": null,
            "zone_ids": [
              "use1-az1",
              "use1-az2",
              "use1-az4",
              "use1-az6",
              "use1-az3",
              "use1-az5"
            ]
          },
          "sensitive_attributes": []
        }
      ]
    },
    {
      "mode": "data",
      "type": "aws_caller_identity",
      "name": "current",
      "provider": "provider[\"registry.terraform.io/hashicorp/aws\"]",
      "instances": [
        {
          "schema_version": 0,
          "attributes": {
            "account_id": "659797033228",
            "arn": "arn:aws:iam::659797033228:user/admin",
            "id": "659797033228",
            "user_id": "AIDAZTHXXYEGJAIJAXZM2"
          },
          "sensitive_attributes": []
        }
      ]
    },
    {
      "mode": "data",
      "type": "aws_iam_policy_document",
      "name": "assume_role",
      "provider": "provider[\"registry.terraform.io/hashicorp/aws\"]",
      "instances": [
        {
          "schema_version": 0,
          "attributes": {
            "id": "3552664922",
            "json": "{\n  \"Version\": \"2012-10-17\",\n  \"Statement\": [\n    {\n      \"Effect\": \"Allow\",\n      \"Action\": \"sts:AssumeRole\",\n      \"Principal\": {\n        \"Service\": \"eks.amazonaws.com\"\n      }\n    }\n  ]\n}",
            "override_policy_documents": null,
            "policy_id": null,
            "source_policy_documents": null,
            "statement": [
              {
                "actions": [
                  "sts:AssumeRole"
                ],
                "condition": [],
                "effect": "Allow",
                "not_actions": [],
                "not_principals": [],
                "not_resources": [],
                "principals": [
                  {
                    "identifiers": [
                      "eks.amazonaws.com"
                    ],
                    "type": "Service"
                  }
                ],
                "resources": [],
                "sid": ""
              }
            ],
            "version": "2012-10-17"
          },
          "sensitive_attributes": []
        }
      ]
    },
    {
      "mode": "managed",
      "type": "aws_ecr_repository",
      "name": "demo-ecr-repository",
      "provider": "provider[\"registry.terraform.io/hashicorp/aws\"]",
      "instances": [
        {
          "schema_version": 0,
          "attributes": {
            "arn": "arn:aws:ecr:us-east-1:659797033228:repository/demo-project-ecr-repo",
            "encryption_configuration": [
              {
                "encryption_type": "AES256",
                "kms_key": ""
              }
            ],
            "force_delete": null,
            "id": "demo-project-ecr-repo",
            "image_scanning_configuration": [
              {
                "scan_on_push": true
              }
            ],
            "image_tag_mutability": "MUTABLE",
            "name": "demo-project-ecr-repo",
            "registry_id": "659797033228",
            "repository_url": "659797033228.dkr.ecr.us-east-1.amazonaws.com/demo-project-ecr-repo",
            "tags": {
              "Name": "demo-project-ecr-repo"
            },
            "tags_all": {
              "Name": "demo-project-ecr-repo"
            },
            "timeouts": null
          },
          "sensitive_attributes": [],
          "private": "eyJlMmJmYjczMC1lY2FhLTExZTYtOGY4OC0zNDM2M2JjN2M0YzAiOnsiZGVsZXRlIjoxMjAwMDAwMDAwMDAwfX0="
        }
      ]
    },
    {
      "mode": "managed",
      "type": "aws_eip",
      "name": "main",
      "provider": "provider[\"registry.terraform.io/hashicorp/aws\"]",
      "instances": [
        {
          "schema_version": 0,
          "attributes": {
            "address": null,
            "allocation_id": "eipalloc-07338df33ba45ff98",
            "associate_with_private_ip": null,
            "association_id": "",
            "carrier_ip": "",
            "customer_owned_ip": "",
            "customer_owned_ipv4_pool": "",
            "domain": "vpc",
            "id": "eipalloc-07338df33ba45ff98",
            "instance": "",
            "network_border_group": "us-east-1",
            "network_interface": "",
            "private_dns": null,
            "private_ip": "",
            "public_dns": "ec2-54-144-167-165.compute-1.amazonaws.com",
            "public_ip": "54.144.167.165",
            "public_ipv4_pool": "amazon",
            "tags": {
              "Name": "demo-project-ngw-ip"
            },
            "tags_all": {
              "Name": "demo-project-ngw-ip"
            },
            "timeouts": null,
            "vpc": true
          },
          "sensitive_attributes": [],
          "private": "eyJlMmJmYjczMC1lY2FhLTExZTYtOGY4OC0zNDM2M2JjN2M0YzAiOnsiZGVsZXRlIjoxODAwMDAwMDAwMDAsInJlYWQiOjkwMDAwMDAwMDAwMCwidXBkYXRlIjozMDAwMDAwMDAwMDB9fQ=="
        }
      ]
    },
    {
      "mode": "managed",
      "type": "aws_eks_cluster",
      "name": "this",
      "provider": "provider[\"registry.terraform.io/hashicorp/aws\"]",
      "instances": [
        {
          "schema_version": 0,
          "attributes": {
            "arn": "arn:aws:eks:us-east-1:659797033228:cluster/demo-project-cluster",
            "certificate_authority": [
              {
                "data": "LS0tLS1CRUdJTiBDRVJUSUZJQ0FURS0tLS0tCk1JSURCVENDQWUyZ0F3SUJBZ0lJR1JoTzhCMEh2NFV3RFFZSktvWklodmNOQVFFTEJRQXdGVEVUTUJFR0ExVUUKQXhNS2EzVmlaWEp1WlhSbGN6QWVGdzB5TkRFeU1Ea3hNREUwTXpaYUZ3MHpOREV5TURjeE1ERTVNelphTUJVeApFekFSQmdOVkJBTVRDbXQxWW1WeWJtVjBaWE13Z2dFaU1BMEdDU3FHU0liM0RRRUJBUVVBQTRJQkR3QXdnZ0VLCkFvSUJBUUN2cmxzR2VHbmFSZTBBRGwrcHRqbHBKNkF0b2swWkZZTEtXNUNaQXBldkRwekJMZnZRRVZsbzN5VGwKNzlYWkpqdXdxcjU0Z3RQM3VyV3FTaHhzZlhRSitxMHZWdk1xVUlSWXRXUXFMazkxSCttb29nYTB4UTNzeFAxegpYS0tUbnJVRGt6ejViODh2ajF3d1JpdDhzYVVKOC96NUIzMHBEd2cxQXFOYkltN2xncmZFUzR1cXZ2NTRyT0g1CjFtUUQ0bk0yZUM2RE0xK2ljc2dvNVZNMUFCT25HWUNJenFFaVZSdDdVc2FuengvckorVU40dW85SzJTTkIwS0EKdDY1enBOSnRwbU1DSm9TRExZd2lnSE81SGhjSnZJQko3clJlREZoRll1b2FPK1ZkdGozUDZNR1BKREhCc2ljVgpUMXQrK29SeTVhdi96L21ibFB4ZWRIRERJWU83QWdNQkFBR2pXVEJYTUE0R0ExVWREd0VCL3dRRUF3SUNwREFQCkJnTlZIUk1CQWY4RUJUQURBUUgvTUIwR0ExVWREZ1FXQkJTVmJxb0UvbEpWNU5pb3l0YmdqMDFwbjBlMHBEQVYKQmdOVkhSRUVEakFNZ2dwcmRXSmxjbTVsZEdWek1BMEdDU3FHU0liM0RRRUJDd1VBQTRJQkFRQjVqdVZIUzJyTApFUXN2Mk9JYlkyWEFXUnJpKy9oa1hYS1Rqb1VaS3d4azhUU2xFRkpnUlpkRGplSm9KU3pWeEM5dW1HVG5kQ2ZhCndaWit2WE02NmFlSHdkTURFK0tQUWRDK0o3eFBNcm9RRWd4d3lXSWpzd0JITmhIUFFOYWtERGtVWnZpNjJXYysKSHJHMnY2MEFyVHRNZUU3RUdKaDBEYm1aSkptN210UTViYVlnaU9taGJXMyswUUtMbU05UXYzeHdRNzNuVVRmSgo0MmlMUHdDMUZKaTBBV1EvM255a1hCVVlraktRdFZhY1JKZW1QOWR3NTVhTWZrMkFaZWVrQkoxVm9jeUt2aWxhCmprdG1xZFpieWNXZXVVQWZCUTdBaTJzcGVRZFMwaWFOZjBYMjFmTWhUUjJETVFJelgvR1pHZXlqeUkyeGZGT1oKVEtYNGZiVXkzR0ZRCi0tLS0tRU5EIENFUlRJRklDQVRFLS0tLS0K"
              }
            ],
            "cluster_id": null,
            "created_at": "2024-12-09 10:14:58.517 +0000 UTC",
            "enabled_cluster_log_types": null,
            "encryption_config": [],
            "endpoint": "https://F22277E674630C9EEE3E0EFC738DFDA0.gr7.us-east-1.eks.amazonaws.com",
            "id": "demo-project-cluster",
            "identity": [
              {
                "oidc": [
                  {
                    "issuer": "https://oidc.eks.us-east-1.amazonaws.com/id/F22277E674630C9EEE3E0EFC738DFDA0"
                  }
                ]
              }
            ],
            "kubernetes_network_config": [
              {
                "ip_family": "ipv4",
                "service_ipv4_cidr": "172.20.0.0/16",
                "service_ipv6_cidr": ""
              }
            ],
            "name": "demo-project-cluster",
            "outpost_config": [],
            "platform_version": "eks.12",
            "role_arn": "arn:aws:iam::659797033228:role/demo-project-Cluster-Role",
            "status": "ACTIVE",
            "tags": {
              "Environment": "Development",
              "Owner": "Jonathan Levi",
              "Project": "TerraformEKSWorkshop"
            },
            "tags_all": {
              "Environment": "Development",
              "Owner": "Jonathan Levi",
              "Project": "TerraformEKSWorkshop"
            },
            "timeouts": null,
            "version": "1.31",
            "vpc_config": [
              {
                "cluster_security_group_id": "sg-04da762a6eb22748c",
                "endpoint_private_access": true,
                "endpoint_public_access": true,
                "public_access_cidrs": [
                  "0.0.0.0/0"
                ],
                "security_group_ids": null,
                "subnet_ids": [
                  "subnet-0155462bdfc8504d6",
                  "subnet-032df888058076760",
                  "subnet-033e46effe1d14352",
                  "subnet-0cf7d8fd19b7932b5"
                ],
                "vpc_id": "vpc-0f6f5b1eaa303e55e"
              }
            ]
          },
          "sensitive_attributes": [],
          "private": "eyJlMmJmYjczMC1lY2FhLTExZTYtOGY4OC0zNDM2M2JjN2M0YzAiOnsiY3JlYXRlIjoxODAwMDAwMDAwMDAwLCJkZWxldGUiOjkwMDAwMDAwMDAwMCwidXBkYXRlIjozNjAwMDAwMDAwMDAwfX0=",
          "dependencies": [
            "aws_iam_role.cluster",
            "aws_iam_role_policy_attachment.cluster_AmazonEKSClusterPolicy",
            "aws_subnet.private",
            "aws_subnet.public",
            "aws_vpc.k8s-vpc",
            "data.aws_availability_zones.available"
          ]
        }
      ]
    },
    {
      "mode": "managed",
      "type": "aws_eks_node_group",
      "name": "this",
      "provider": "provider[\"registry.terraform.io/hashicorp/aws\"]",
      "instances": [
        {
          "schema_version": 0,
          "attributes": {
            "ami_type": "AL2_x86_64",
            "arn": "arn:aws:eks:us-east-1:659797033228:nodegroup/demo-project-cluster/demo-project/b8c9d579-6436-538b-1456-6aa8cfaf571a",
            "capacity_type": "ON_DEMAND",
            "cluster_name": "demo-project-cluster",
            "disk_size": 20,
            "force_update_version": null,
            "id": "demo-project-cluster:demo-project",
            "instance_types": [
              "t2.small"
            ],
            "labels": null,
            "launch_template": [],
            "node_group_name": "demo-project",
            "node_group_name_prefix": "",
            "node_role_arn": "arn:aws:iam::659797033228:role/demo-project-Worker-Role",
            "release_version": "1.31.2-20241121",
            "remote_access": [],
            "resources": [
              {
                "autoscaling_groups": [
                  {
                    "name": "eks-demo-project-b8c9d579-6436-538b-1456-6aa8cfaf571a"
                  }
                ],
                "remote_access_security_group_id": ""
              }
            ],
            "scaling_config": [
              {
                "desired_size": 2,
                "max_size": 5,
                "min_size": 1
              }
            ],
            "status": "ACTIVE",
            "subnet_ids": [
              "subnet-0155462bdfc8504d6",
              "subnet-0cf7d8fd19b7932b5"
            ],
            "tags": {
              "Environment": "Development",
              "Owner": "Jonathan Levi",
              "Project": "TerraformEKSWorkshop"
            },
            "tags_all": {
              "Environment": "Development",
              "Owner": "Jonathan Levi",
              "Project": "TerraformEKSWorkshop"
            },
            "taint": [],
            "timeouts": null,
            "update_config": [
              {
                "max_unavailable": 1,
                "max_unavailable_percentage": 0
              }
            ],
            "version": "1.31"
          },
          "sensitive_attributes": [],
          "private": "eyJlMmJmYjczMC1lY2FhLTExZTYtOGY4OC0zNDM2M2JjN2M0YzAiOnsiY3JlYXRlIjozNjAwMDAwMDAwMDAwLCJkZWxldGUiOjM2MDAwMDAwMDAwMDAsInVwZGF0ZSI6MzYwMDAwMDAwMDAwMH19",
          "dependencies": [
            "aws_eks_cluster.this",
            "aws_iam_role.cluster",
            "aws_iam_role.node",
            "aws_iam_role_policy_attachment.cluster_AmazonEKSClusterPolicy",
            "aws_iam_role_policy_attachment.node_AmazonEC2ContainerRegistryReadOnly",
            "aws_iam_role_policy_attachment.node_AmazonEKSWorkerNodePolicy",
            "aws_iam_role_policy_attachment.node_AmazonEKS_CNI_Policy",
            "aws_subnet.private",
            "aws_subnet.public",
            "aws_vpc.k8s-vpc",
            "data.aws_availability_zones.available"
          ]
        }
      ]
    },
    {
      "mode": "managed",
      "type": "aws_iam_policy",
      "name": "eks_read_only_policy",
      "provider": "provider[\"registry.terraform.io/hashicorp/aws\"]",
      "instances": [
        {
          "schema_version": 0,
          "attributes": {
            "arn": "arn:aws:iam::659797033228:policy/EKSReadOnlyPolicy",
            "description": "Read-only access to Amazon EKS",
            "id": "arn:aws:iam::659797033228:policy/EKSReadOnlyPolicy",
            "name": "EKSReadOnlyPolicy",
            "name_prefix": "",
            "path": "/",
            "policy": "{\"Statement\":[{\"Action\":[\"eks:Describe*\",\"eks:List*\"],\"Effect\":\"Allow\",\"Resource\":\"*\"}],\"Version\":\"2012-10-17\"}",
            "policy_id": "ANPAZTHXXYEGATU4SWRCV",
            "tags": null,
            "tags_all": {}
          },
          "sensitive_attributes": [],
          "private": "bnVsbA=="
        }
      ]
    },
    {
      "mode": "managed",
      "type": "aws_iam_role",
      "name": "cluster",
      "provider": "provider[\"registry.terraform.io/hashicorp/aws\"]",
      "instances": [
        {
          "schema_version": 0,
          "attributes": {
            "arn": "arn:aws:iam::659797033228:role/demo-project-Cluster-Role",
            "assume_role_policy": "{\"Statement\":[{\"Action\":\"sts:AssumeRole\",\"Effect\":\"Allow\",\"Principal\":{\"Service\":\"eks.amazonaws.com\"}}],\"Version\":\"2012-10-17\"}",
            "create_date": "2024-12-09T10:14:30Z",
            "description": "",
            "force_detach_policies": false,
            "id": "demo-project-Cluster-Role",
            "inline_policy": [],
            "managed_policy_arns": [],
            "max_session_duration": 3600,
            "name": "demo-project-Cluster-Role",
            "name_prefix": "",
            "path": "/",
            "permissions_boundary": null,
            "tags": null,
            "tags_all": {},
            "unique_id": "AROAZTHXXYEGF67UAFZNP"
          },
          "sensitive_attributes": [],
          "private": "bnVsbA=="
        }
      ]
    },
    {
      "mode": "managed",
      "type": "aws_iam_role",
      "name": "k8s-cluster",
      "provider": "provider[\"registry.terraform.io/hashicorp/aws\"]",
      "instances": [
        {
          "schema_version": 0,
          "attributes": {
            "arn": "arn:aws:iam::659797033228:role/k8s-cluster",
            "assume_role_policy": "{\"Statement\":[{\"Action\":\"sts:AssumeRole\",\"Effect\":\"Allow\",\"Principal\":{\"Service\":\"eks.amazonaws.com\"}}],\"Version\":\"2012-10-17\"}",
            "create_date": "2024-12-09T10:14:30Z",
            "description": "",
            "force_detach_policies": false,
            "id": "k8s-cluster",
            "inline_policy": [],
            "managed_policy_arns": [],
            "max_session_duration": 3600,
            "name": "k8s-cluster",
            "name_prefix": "",
            "path": "/",
            "permissions_boundary": null,
            "tags": null,
            "tags_all": {},
            "unique_id": "AROAZTHXXYEGE7JCSHJI2"
          },
          "sensitive_attributes": [],
          "private": "bnVsbA==",
          "dependencies": [
            "data.aws_iam_policy_document.assume_role"
          ]
        }
      ]
    },
    {
      "mode": "managed",
      "type": "aws_iam_role",
      "name": "node",
      "provider": "provider[\"registry.terraform.io/hashicorp/aws\"]",
      "instances": [
        {
          "schema_version": 0,
          "attributes": {
            "arn": "arn:aws:iam::659797033228:role/demo-project-Worker-Role",
            "assume_role_policy": "{\"Statement\":[{\"Action\":\"sts:AssumeRole\",\"Effect\":\"Allow\",\"Principal\":{\"Service\":\"ec2.amazonaws.com\"}}],\"Version\":\"2012-10-17\"}",
            "create_date": "2024-12-09T10:14:30Z",
            "description": "",
            "force_detach_policies": false,
            "id": "demo-project-Worker-Role",
            "inline_policy": [],
            "managed_policy_arns": [],
            "max_session_duration": 3600,
            "name": "demo-project-Worker-Role",
            "name_prefix": "",
            "path": "/",
            "permissions_boundary": null,
            "tags": null,
            "tags_all": {},
            "unique_id": "AROAZTHXXYEGOOYULO6YZ"
          },
          "sensitive_attributes": [],
          "private": "bnVsbA=="
        }
      ]
    },
    {
      "mode": "managed",
      "type": "aws_iam_role_policy_attachment",
      "name": "cluster_AmazonEKSClusterPolicy",
      "provider": "provider[\"registry.terraform.io/hashicorp/aws\"]",
      "instances": [
        {
          "schema_version": 0,
          "attributes": {
            "id": "demo-project-Cluster-Role-20241209101431520800000003",
            "policy_arn": "arn:aws:iam::aws:policy/AmazonEKSClusterPolicy",
            "role": "demo-project-Cluster-Role"
          },
          "sensitive_attributes": [],
          "private": "bnVsbA==",
          "dependencies": [
            "aws_iam_role.cluster"
          ]
        }
      ]
    },
    {
      "mode": "managed",
      "type": "aws_iam_role_policy_attachment",
      "name": "example-AmazonEKSClusterPolicy",
      "provider": "provider[\"registry.terraform.io/hashicorp/aws\"]",
      "instances": [
        {
          "schema_version": 0,
          "attributes": {
            "id": "k8s-cluster-20241209101431772700000008",
            "policy_arn": "arn:aws:iam::aws:policy/AmazonEKSClusterPolicy",
            "role": "k8s-cluster"
          },
          "sensitive_attributes": [],
          "private": "bnVsbA==",
          "dependencies": [
            "aws_iam_role.k8s-cluster",
            "data.aws_iam_policy_document.assume_role"
          ]
        }
      ]
    },
    {
      "mode": "managed",
      "type": "aws_iam_role_policy_attachment",
      "name": "example-AmazonEKSVPCResourceController",
      "provider": "provider[\"registry.terraform.io/hashicorp/aws\"]",
      "instances": [
        {
          "schema_version": 0,
          "attributes": {
            "id": "k8s-cluster-20241209101431724700000006",
            "policy_arn": "arn:aws:iam::aws:policy/AmazonEKSVPCResourceController",
            "role": "k8s-cluster"
          },
          "sensitive_attributes": [],
          "private": "bnVsbA==",
          "dependencies": [
            "aws_iam_role.k8s-cluster",
            "data.aws_iam_policy_document.assume_role"
          ]
        }
      ]
    },
    {
      "mode": "managed",
      "type": "aws_iam_role_policy_attachment",
      "name": "node_AmazonEC2ContainerRegistryReadOnly",
      "provider": "provider[\"registry.terraform.io/hashicorp/aws\"]",
      "instances": [
        {
          "schema_version": 0,
          "attributes": {
            "id": "demo-project-Worker-Role-20241209101431633600000005",
            "policy_arn": "arn:aws:iam::aws:policy/AmazonEC2ContainerRegistryReadOnly",
            "role": "demo-project-Worker-Role"
          },
          "sensitive_attributes": [],
          "private": "bnVsbA==",
          "dependencies": [
            "aws_iam_role.node"
          ]
        }
      ]
    },
    {
      "mode": "managed",
      "type": "aws_iam_role_policy_attachment",
      "name": "node_AmazonEKSWorkerNodePolicy",
      "provider": "provider[\"registry.terraform.io/hashicorp/aws\"]",
      "instances": [
        {
          "schema_version": 0,
          "attributes": {
            "id": "demo-project-Worker-Role-20241209101431726600000007",
            "policy_arn": "arn:aws:iam::aws:policy/AmazonEKSWorkerNodePolicy",
            "role": "demo-project-Worker-Role"
          },
          "sensitive_attributes": [],
          "private": "bnVsbA==",
          "dependencies": [
            "aws_iam_role.node"
          ]
        }
      ]
    },
    {
      "mode": "managed",
      "type": "aws_iam_role_policy_attachment",
      "name": "node_AmazonEKS_CNI_Policy",
      "provider": "provider[\"registry.terraform.io/hashicorp/aws\"]",
      "instances": [
        {
          "schema_version": 0,
          "attributes": {
            "id": "demo-project-Worker-Role-20241209101431552600000004",
            "policy_arn": "arn:aws:iam::aws:policy/AmazonEKS_CNI_Policy",
            "role": "demo-project-Worker-Role"
          },
          "sensitive_attributes": [],
          "private": "bnVsbA==",
          "dependencies": [
            "aws_iam_role.node"
          ]
        }
      ]
    },
    {
      "mode": "managed",
      "type": "aws_iam_user",
      "name": "read_only_user",
      "provider": "provider[\"registry.terraform.io/hashicorp/aws\"]",
      "instances": [
        {
          "schema_version": 0,
          "attributes": {
            "arn": "arn:aws:iam::659797033228:user/ro-user-ecr-eks",
            "force_destroy": false,
            "id": "ro-user-ecr-eks",
            "name": "ro-user-ecr-eks",
            "path": "/",
            "permissions_boundary": null,
            "tags": {
              "Name": "demo-project-ro-iam-user"
            },
            "tags_all": {
              "Name": "demo-project-ro-iam-user"
            },
            "unique_id": "AIDAZTHXXYEGDF422IZFD"
          },
          "sensitive_attributes": [],
          "private": "bnVsbA=="
        }
      ]
    },
    {
      "mode": "managed",
      "type": "aws_iam_user_login_profile",
      "name": "read_only_user_profile",
      "provider": "provider[\"registry.terraform.io/hashicorp/aws\"]",
      "instances": [
        {
          "schema_version": 0,
          "attributes": {
            "encrypted_password": null,
            "id": "ro-user-ecr-eks",
            "key_fingerprint": null,
            "password": "c0)ym'3Ej|nDv@(hKz)J",
            "password_length": 20,
            "password_reset_required": false,
            "pgp_key": null,
            "user": "ro-user-ecr-eks"
          },
          "sensitive_attributes": [],
          "private": "bnVsbA==",
          "dependencies": [
            "aws_iam_user.read_only_user"
          ]
        }
      ]
    },
    {
      "mode": "managed",
      "type": "aws_iam_user_policy_attachment",
      "name": "ecr_read_only",
      "provider": "provider[\"registry.terraform.io/hashicorp/aws\"]",
      "instances": [
        {
          "schema_version": 0,
          "attributes": {
            "id": "ro-user-ecr-eks-20241209101431304200000001",
            "policy_arn": "arn:aws:iam::aws:policy/AmazonEC2ContainerRegistryReadOnly",
            "user": "ro-user-ecr-eks"
          },
          "sensitive_attributes": [],
          "private": "bnVsbA==",
          "dependencies": [
            "aws_iam_user.read_only_user"
          ]
        }
      ]
    },
    {
      "mode": "managed",
      "type": "aws_iam_user_policy_attachment",
      "name": "eks_read_only",
      "provider": "provider[\"registry.terraform.io/hashicorp/aws\"]",
      "instances": [
        {
          "schema_version": 0,
          "attributes": {
            "id": "ro-user-ecr-eks-20241209101431447500000002",
            "policy_arn": "arn:aws:iam::659797033228:policy/EKSReadOnlyPolicy",
            "user": "ro-user-ecr-eks"
          },
          "sensitive_attributes": [],
          "private": "bnVsbA==",
          "dependencies": [
            "aws_iam_policy.eks_read_only_policy",
            "aws_iam_user.read_only_user"
          ]
        }
      ]
    },
    {
      "mode": "managed",
      "type": "aws_internet_gateway",
      "name": "this",
      "provider": "provider[\"registry.terraform.io/hashicorp/aws\"]",
      "instances": [
        {
          "schema_version": 0,
          "attributes": {
            "arn": "arn:aws:ec2:us-east-1:659797033228:internet-gateway/igw-062b5dc0aa871c345",
            "id": "igw-062b5dc0aa871c345",
            "owner_id": "659797033228",
            "tags": {
              "Name": "demo-project-igw"
            },
            "tags_all": {
              "Name": "demo-project-igw"
            },
            "timeouts": null,
            "vpc_id": "vpc-0f6f5b1eaa303e55e"
          },
          "sensitive_attributes": [],
          "private": "eyJlMmJmYjczMC1lY2FhLTExZTYtOGY4OC0zNDM2M2JjN2M0YzAiOnsiY3JlYXRlIjoxMjAwMDAwMDAwMDAwLCJkZWxldGUiOjEyMDAwMDAwMDAwMDAsInVwZGF0ZSI6MTIwMDAwMDAwMDAwMH19",
          "dependencies": [
            "aws_vpc.k8s-vpc"
          ]
        }
      ]
    },
    {
      "mode": "managed",
      "type": "aws_nat_gateway",
      "name": "main",
      "provider": "provider[\"registry.terraform.io/hashicorp/aws\"]",
      "instances": [
        {
          "schema_version": 0,
          "attributes": {
            "allocation_id": "eipalloc-07338df33ba45ff98",
            "association_id": "eipassoc-06d2678b402acf0d4",
            "connectivity_type": "public",
            "id": "nat-09b61bf9b72172d3c",
            "network_interface_id": "eni-024fcf24336e5d296",
            "private_ip": "10.0.0.6",
            "public_ip": "54.144.167.165",
            "subnet_id": "subnet-033e46effe1d14352",
            "tags": {
              "Name": "demo-project-ngw"
            },
            "tags_all": {
              "Name": "demo-project-ngw"
            }
          },
          "sensitive_attributes": [],
          "private": "bnVsbA==",
          "dependencies": [
            "aws_eip.main",
            "aws_subnet.public",
            "aws_vpc.k8s-vpc",
            "data.aws_availability_zones.available"
          ]
        }
      ]
    },
    {
      "mode": "managed",
      "type": "aws_route",
      "name": "main",
      "provider": "provider[\"registry.terraform.io/hashicorp/aws\"]",
      "instances": [
        {
          "schema_version": 0,
          "attributes": {
            "carrier_gateway_id": "",
            "core_network_arn": "",
            "destination_cidr_block": "0.0.0.0/0",
            "destination_ipv6_cidr_block": "",
            "destination_prefix_list_id": "",
            "egress_only_gateway_id": "",
            "gateway_id": "",
            "id": "r-rtb-074cfffa20bacc7a01080289494",
            "instance_id": "",
            "instance_owner_id": "",
            "local_gateway_id": "",
            "nat_gateway_id": "nat-09b61bf9b72172d3c",
            "network_interface_id": "",
            "origin": "CreateRoute",
            "route_table_id": "rtb-074cfffa20bacc7a0",
            "state": "active",
            "timeouts": null,
            "transit_gateway_id": "",
            "vpc_endpoint_id": "",
            "vpc_peering_connection_id": ""
          },
          "sensitive_attributes": [],
          "private": "eyJlMmJmYjczMC1lY2FhLTExZTYtOGY4OC0zNDM2M2JjN2M0YzAiOnsiY3JlYXRlIjozMDAwMDAwMDAwMDAsImRlbGV0ZSI6MzAwMDAwMDAwMDAwLCJ1cGRhdGUiOjEyMDAwMDAwMDAwMH19",
          "dependencies": [
            "aws_eip.main",
            "aws_nat_gateway.main",
            "aws_subnet.public",
            "aws_vpc.k8s-vpc",
            "data.aws_availability_zones.available"
          ]
        }
      ]
    },
    {
      "mode": "managed",
      "type": "aws_route_table",
      "name": "main",
      "provider": "provider[\"registry.terraform.io/hashicorp/aws\"]",
      "instances": [
        {
          "schema_version": 0,
          "attributes": {
            "arn": "arn:aws:ec2:us-east-1:659797033228:route-table/rtb-0db73bdcdc5f71df1",
            "id": "rtb-0db73bdcdc5f71df1",
            "owner_id": "659797033228",
            "propagating_vgws": [],
            "route": [
              {
                "carrier_gateway_id": "",
                "cidr_block": "0.0.0.0/0",
                "core_network_arn": "",
                "destination_prefix_list_id": "",
                "egress_only_gateway_id": "",
                "gateway_id": "igw-062b5dc0aa871c345",
                "ipv6_cidr_block": "",
                "local_gateway_id": "",
                "nat_gateway_id": "",
                "network_interface_id": "",
                "transit_gateway_id": "",
                "vpc_endpoint_id": "",
                "vpc_peering_connection_id": ""
              }
            ],
            "tags": {
              "Name": "demo-project-Default-rt"
            },
            "tags_all": {
              "Name": "demo-project-Default-rt"
            },
            "timeouts": null,
            "vpc_id": "vpc-0f6f5b1eaa303e55e"
          },
          "sensitive_attributes": [],
          "private": "eyJlMmJmYjczMC1lY2FhLTExZTYtOGY4OC0zNDM2M2JjN2M0YzAiOnsiY3JlYXRlIjozMDAwMDAwMDAwMDAsImRlbGV0ZSI6MzAwMDAwMDAwMDAwLCJ1cGRhdGUiOjEyMDAwMDAwMDAwMH19",
          "dependencies": [
            "aws_internet_gateway.this",
            "aws_vpc.k8s-vpc"
          ]
        }
      ]
    },
    {
      "mode": "managed",
      "type": "aws_route_table_association",
      "name": "internet_access",
      "provider": "provider[\"registry.terraform.io/hashicorp/aws\"]",
      "instances": [
        {
          "index_key": 0,
          "schema_version": 0,
          "attributes": {
            "gateway_id": "",
            "id": "rtbassoc-05cc0ac84c929fcf1",
            "route_table_id": "rtb-0db73bdcdc5f71df1",
            "subnet_id": "subnet-033e46effe1d14352",
            "timeouts": null
          },
          "sensitive_attributes": [],
          "private": "eyJlMmJmYjczMC1lY2FhLTExZTYtOGY4OC0zNDM2M2JjN2M0YzAiOnsiY3JlYXRlIjozMDAwMDAwMDAwMDAsImRlbGV0ZSI6MzAwMDAwMDAwMDAwLCJ1cGRhdGUiOjEyMDAwMDAwMDAwMH19",
          "dependencies": [
            "aws_internet_gateway.this",
            "aws_route_table.main",
            "aws_subnet.public",
            "aws_vpc.k8s-vpc",
            "data.aws_availability_zones.available"
          ]
        },
        {
          "index_key": 1,
          "schema_version": 0,
          "attributes": {
            "gateway_id": "",
            "id": "rtbassoc-079459c626551e839",
            "route_table_id": "rtb-0db73bdcdc5f71df1",
            "subnet_id": "subnet-032df888058076760",
            "timeouts": null
          },
          "sensitive_attributes": [],
          "private": "eyJlMmJmYjczMC1lY2FhLTExZTYtOGY4OC0zNDM2M2JjN2M0YzAiOnsiY3JlYXRlIjozMDAwMDAwMDAwMDAsImRlbGV0ZSI6MzAwMDAwMDAwMDAwLCJ1cGRhdGUiOjEyMDAwMDAwMDAwMH19",
          "dependencies": [
            "aws_internet_gateway.this",
            "aws_route_table.main",
            "aws_subnet.public",
            "aws_vpc.k8s-vpc",
            "data.aws_availability_zones.available"
          ]
        }
      ]
    },
    {
      "mode": "managed",
      "type": "aws_security_group",
      "name": "control_plane_sg",
      "provider": "provider[\"registry.terraform.io/hashicorp/aws\"]",
      "instances": [
        {
          "schema_version": 1,
          "attributes": {
            "arn": "arn:aws:ec2:us-east-1:659797033228:security-group/sg-06d33e9cdc5a487e8",
            "description": "Managed by Terraform",
            "egress": [],
            "id": "sg-06d33e9cdc5a487e8",
            "ingress": [],
            "name": "demo-project-ControlPlane-sg",
            "name_prefix": "",
            "owner_id": "659797033228",
            "revoke_rules_on_delete": false,
            "tags": {
              "Name": "demo-project-ControlPlane-sg"
            },
            "tags_all": {
              "Name": "demo-project-ControlPlane-sg"
            },
            "timeouts": null,
            "vpc_id": "vpc-0f6f5b1eaa303e55e"
          },
          "sensitive_attributes": [],
          "private": "eyJlMmJmYjczMC1lY2FhLTExZTYtOGY4OC0zNDM2M2JjN2M0YzAiOnsiY3JlYXRlIjo2MDAwMDAwMDAwMDAsImRlbGV0ZSI6OTAwMDAwMDAwMDAwfSwic2NoZW1hX3ZlcnNpb24iOiIxIn0=",
          "dependencies": [
            "aws_vpc.k8s-vpc"
          ]
        }
      ]
    },
    {
      "mode": "managed",
      "type": "aws_security_group",
      "name": "data_plane_sg",
      "provider": "provider[\"registry.terraform.io/hashicorp/aws\"]",
      "instances": [
        {
          "schema_version": 1,
          "attributes": {
            "arn": "arn:aws:ec2:us-east-1:659797033228:security-group/sg-0e61303646e5a776c",
            "description": "Managed by Terraform",
            "egress": [],
            "id": "sg-0e61303646e5a776c",
            "ingress": [],
            "name": "demo-project-Worker-sg",
            "name_prefix": "",
            "owner_id": "659797033228",
            "revoke_rules_on_delete": false,
            "tags": {
              "Name": "demo-project-Worker-sg"
            },
            "tags_all": {
              "Name": "demo-project-Worker-sg"
            },
            "timeouts": null,
            "vpc_id": "vpc-0f6f5b1eaa303e55e"
          },
          "sensitive_attributes": [],
          "private": "eyJlMmJmYjczMC1lY2FhLTExZTYtOGY4OC0zNDM2M2JjN2M0YzAiOnsiY3JlYXRlIjo2MDAwMDAwMDAwMDAsImRlbGV0ZSI6OTAwMDAwMDAwMDAwfSwic2NoZW1hX3ZlcnNpb24iOiIxIn0=",
          "dependencies": [
            "aws_vpc.k8s-vpc"
          ]
        }
      ]
    },
    {
      "mode": "managed",
      "type": "aws_security_group",
      "name": "eks_cluster",
      "provider": "provider[\"registry.terraform.io/hashicorp/aws\"]",
      "instances": [
        {
          "schema_version": 1,
          "attributes": {
            "arn": "arn:aws:ec2:us-east-1:659797033228:security-group/sg-042f503553bfa3b64",
            "description": "Cluster communication with worker nodes",
            "egress": [],
            "id": "sg-042f503553bfa3b64",
            "ingress": [],
            "name": "demo-project-cluster-sg",
            "name_prefix": "",
            "owner_id": "659797033228",
            "revoke_rules_on_delete": false,
            "tags": {
              "Name": "demo-project-cluster-sg"
            },
            "tags_all": {
              "Name": "demo-project-cluster-sg"
            },
            "timeouts": null,
            "vpc_id": "vpc-0f6f5b1eaa303e55e"
          },
          "sensitive_attributes": [],
          "private": "eyJlMmJmYjczMC1lY2FhLTExZTYtOGY4OC0zNDM2M2JjN2M0YzAiOnsiY3JlYXRlIjo2MDAwMDAwMDAwMDAsImRlbGV0ZSI6OTAwMDAwMDAwMDAwfSwic2NoZW1hX3ZlcnNpb24iOiIxIn0=",
          "dependencies": [
            "aws_vpc.k8s-vpc"
          ]
        }
      ]
    },
    {
      "mode": "managed",
      "type": "aws_security_group",
      "name": "eks_nodes",
      "provider": "provider[\"registry.terraform.io/hashicorp/aws\"]",
      "instances": [
        {
          "schema_version": 1,
          "attributes": {
            "arn": "arn:aws:ec2:us-east-1:659797033228:security-group/sg-0c554d89500e99351",
            "description": "Security group for all nodes in the cluster",
            "egress": [
              {
                "cidr_blocks": [
                  "0.0.0.0/0"
                ],
                "description": "",
                "from_port": 0,
                "ipv6_cidr_blocks": [],
                "prefix_list_ids": [],
                "protocol": "-1",
                "security_groups": [],
                "self": false,
                "to_port": 0
              }
            ],
            "id": "sg-0c554d89500e99351",
            "ingress": [],
            "name": "demo-project-node-sg",
            "name_prefix": "",
            "owner_id": "659797033228",
            "revoke_rules_on_delete": false,
            "tags": {
              "Name": "demo-project-node-sg",
              "kubernetes.io/cluster/demo-project-cluster": "owned"
            },
            "tags_all": {
              "Name": "demo-project-node-sg",
              "kubernetes.io/cluster/demo-project-cluster": "owned"
            },
            "timeouts": null,
            "vpc_id": "vpc-0f6f5b1eaa303e55e"
          },
          "sensitive_attributes": [],
          "private": "eyJlMmJmYjczMC1lY2FhLTExZTYtOGY4OC0zNDM2M2JjN2M0YzAiOnsiY3JlYXRlIjo2MDAwMDAwMDAwMDAsImRlbGV0ZSI6OTAwMDAwMDAwMDAwfSwic2NoZW1hX3ZlcnNpb24iOiIxIn0=",
          "dependencies": [
            "aws_vpc.k8s-vpc"
          ]
        }
      ]
    },
    {
      "mode": "managed",
      "type": "aws_security_group",
      "name": "public_sg",
      "provider": "provider[\"registry.terraform.io/hashicorp/aws\"]",
      "instances": [
        {
          "schema_version": 1,
          "attributes": {
            "arn": "arn:aws:ec2:us-east-1:659797033228:security-group/sg-00c2ce5f20d9acaae",
            "description": "Managed by Terraform",
            "egress": [],
            "id": "sg-00c2ce5f20d9acaae",
            "ingress": [],
            "name": "demo-project-Public-sg",
            "name_prefix": "",
            "owner_id": "659797033228",
            "revoke_rules_on_delete": false,
            "tags": {
              "Name": "demo-project-Public-sg"
            },
            "tags_all": {
              "Name": "demo-project-Public-sg"
            },
            "timeouts": null,
            "vpc_id": "vpc-0f6f5b1eaa303e55e"
          },
          "sensitive_attributes": [],
          "private": "eyJlMmJmYjczMC1lY2FhLTExZTYtOGY4OC0zNDM2M2JjN2M0YzAiOnsiY3JlYXRlIjo2MDAwMDAwMDAwMDAsImRlbGV0ZSI6OTAwMDAwMDAwMDAwfSwic2NoZW1hX3ZlcnNpb24iOiIxIn0=",
          "dependencies": [
            "aws_vpc.k8s-vpc"
          ]
        }
      ]
    },
    {
      "mode": "managed",
      "type": "aws_security_group_rule",
      "name": "cluster_inbound",
      "provider": "provider[\"registry.terraform.io/hashicorp/aws\"]",
      "instances": [
        {
          "schema_version": 2,
          "attributes": {
            "cidr_blocks": null,
            "description": "Allow worker nodes to communicate with the cluster API Server",
            "from_port": 443,
            "id": "sgrule-732936658",
            "ipv6_cidr_blocks": null,
            "prefix_list_ids": null,
            "protocol": "tcp",
            "security_group_id": "sg-042f503553bfa3b64",
            "security_group_rule_id": "sgr-0579795e9fba331f0",
            "self": false,
            "source_security_group_id": "sg-0c554d89500e99351",
            "timeouts": null,
            "to_port": 443,
            "type": "ingress"
          },
          "sensitive_attributes": [],
          "private": "eyJlMmJmYjczMC1lY2FhLTExZTYtOGY4OC0zNDM2M2JjN2M0YzAiOnsiY3JlYXRlIjozMDAwMDAwMDAwMDB9LCJzY2hlbWFfdmVyc2lvbiI6IjIifQ==",
          "dependencies": [
            "aws_security_group.eks_cluster",
            "aws_security_group.eks_nodes",
            "aws_vpc.k8s-vpc"
          ]
        }
      ]
    },
    {
      "mode": "managed",
      "type": "aws_security_group_rule",
      "name": "cluster_outbound",
      "provider": "provider[\"registry.terraform.io/hashicorp/aws\"]",
      "instances": [
        {
          "schema_version": 2,
          "attributes": {
            "cidr_blocks": null,
            "description": "Allow cluster API Server to communicate with the worker nodes",
            "from_port": 1024,
            "id": "sgrule-713594081",
            "ipv6_cidr_blocks": null,
            "prefix_list_ids": null,
            "protocol": "tcp",
            "security_group_id": "sg-042f503553bfa3b64",
            "security_group_rule_id": "sgr-08e2658553f34ad5c",
            "self": false,
            "source_security_group_id": "sg-0c554d89500e99351",
            "timeouts": null,
            "to_port": 65535,
            "type": "egress"
          },
          "sensitive_attributes": [],
          "private": "eyJlMmJmYjczMC1lY2FhLTExZTYtOGY4OC0zNDM2M2JjN2M0YzAiOnsiY3JlYXRlIjozMDAwMDAwMDAwMDB9LCJzY2hlbWFfdmVyc2lvbiI6IjIifQ==",
          "dependencies": [
            "aws_security_group.eks_cluster",
            "aws_security_group.eks_nodes",
            "aws_vpc.k8s-vpc"
          ]
        }
      ]
    },
    {
      "mode": "managed",
      "type": "aws_security_group_rule",
      "name": "control_plane_inbound",
      "provider": "provider[\"registry.terraform.io/hashicorp/aws\"]",
      "instances": [
        {
          "schema_version": 2,
          "attributes": {
            "cidr_blocks": [
              "10.0.0.0/24",
              "10.0.1.0/24",
              "10.0.2.0/24",
              "10.0.3.0/24"
            ],
            "description": null,
            "from_port": 0,
            "id": "sgrule-1401207923",
            "ipv6_cidr_blocks": null,
            "prefix_list_ids": null,
            "protocol": "tcp",
            "security_group_id": "sg-06d33e9cdc5a487e8",
            "security_group_rule_id": "",
            "self": false,
            "source_security_group_id": null,
            "timeouts": null,
            "to_port": 65535,
            "type": "ingress"
          },
          "sensitive_attributes": [],
          "private": "eyJlMmJmYjczMC1lY2FhLTExZTYtOGY4OC0zNDM2M2JjN2M0YzAiOnsiY3JlYXRlIjozMDAwMDAwMDAwMDB9LCJzY2hlbWFfdmVyc2lvbiI6IjIifQ==",
          "dependencies": [
            "aws_security_group.control_plane_sg",
            "aws_vpc.k8s-vpc"
          ]
        }
      ]
    },
    {
      "mode": "managed",
      "type": "aws_security_group_rule",
      "name": "control_plane_outbound",
      "provider": "provider[\"registry.terraform.io/hashicorp/aws\"]",
      "instances": [
        {
          "schema_version": 2,
          "attributes": {
            "cidr_blocks": [
              "0.0.0.0/0"
            ],
            "description": null,
            "from_port": 0,
            "id": "sgrule-2581511100",
            "ipv6_cidr_blocks": null,
            "prefix_list_ids": null,
            "protocol": "-1",
            "security_group_id": "sg-06d33e9cdc5a487e8",
            "security_group_rule_id": "sgr-02f5825b1706696ee",
            "self": false,
            "source_security_group_id": null,
            "timeouts": null,
            "to_port": 65535,
            "type": "egress"
          },
          "sensitive_attributes": [],
          "private": "eyJlMmJmYjczMC1lY2FhLTExZTYtOGY4OC0zNDM2M2JjN2M0YzAiOnsiY3JlYXRlIjozMDAwMDAwMDAwMDB9LCJzY2hlbWFfdmVyc2lvbiI6IjIifQ==",
          "dependencies": [
            "aws_security_group.control_plane_sg",
            "aws_vpc.k8s-vpc"
          ]
        }
      ]
    },
    {
      "mode": "managed",
      "type": "aws_security_group_rule",
      "name": "node_outbound",
      "provider": "provider[\"registry.terraform.io/hashicorp/aws\"]",
      "instances": [
        {
          "schema_version": 2,
          "attributes": {
            "cidr_blocks": [
              "0.0.0.0/0"
            ],
            "description": null,
            "from_port": 0,
            "id": "sgrule-3901014130",
            "ipv6_cidr_blocks": null,
            "prefix_list_ids": null,
            "protocol": "-1",
            "security_group_id": "sg-0e61303646e5a776c",
            "security_group_rule_id": "sgr-0d5fe76540316fcce",
            "self": false,
            "source_security_group_id": null,
            "timeouts": null,
            "to_port": 0,
            "type": "egress"
          },
          "sensitive_attributes": [],
          "private": "eyJlMmJmYjczMC1lY2FhLTExZTYtOGY4OC0zNDM2M2JjN2M0YzAiOnsiY3JlYXRlIjozMDAwMDAwMDAwMDB9LCJzY2hlbWFfdmVyc2lvbiI6IjIifQ==",
          "dependencies": [
            "aws_security_group.data_plane_sg",
            "aws_vpc.k8s-vpc"
          ]
        }
      ]
    },
    {
      "mode": "managed",
      "type": "aws_security_group_rule",
      "name": "nodes",
      "provider": "provider[\"registry.terraform.io/hashicorp/aws\"]",
      "instances": [
        {
          "schema_version": 2,
          "attributes": {
            "cidr_blocks": [
              "10.0.0.0/24",
              "10.0.1.0/24",
              "10.0.2.0/24",
              "10.0.3.0/24"
            ],
            "description": "Allow nodes to communicate with each other",
            "from_port": 0,
            "id": "sgrule-4132385860",
            "ipv6_cidr_blocks": null,
            "prefix_list_ids": null,
            "protocol": "-1",
            "security_group_id": "sg-0e61303646e5a776c",
            "security_group_rule_id": "",
            "self": false,
            "source_security_group_id": null,
            "timeouts": null,
            "to_port": 65535,
            "type": "ingress"
          },
          "sensitive_attributes": [],
          "private": "eyJlMmJmYjczMC1lY2FhLTExZTYtOGY4OC0zNDM2M2JjN2M0YzAiOnsiY3JlYXRlIjozMDAwMDAwMDAwMDB9LCJzY2hlbWFfdmVyc2lvbiI6IjIifQ==",
          "dependencies": [
            "aws_security_group.data_plane_sg",
            "aws_vpc.k8s-vpc"
          ]
        }
      ]
    },
    {
      "mode": "managed",
      "type": "aws_security_group_rule",
      "name": "nodes_cluster_inbound",
      "provider": "provider[\"registry.terraform.io/hashicorp/aws\"]",
      "instances": [
        {
          "schema_version": 2,
          "attributes": {
            "cidr_blocks": null,
            "description": "Allow worker Kubelets and pods to receive communication from the cluster control plane",
            "from_port": 1025,
            "id": "sgrule-2687056862",
            "ipv6_cidr_blocks": null,
            "prefix_list_ids": null,
            "protocol": "tcp",
            "security_group_id": "sg-0c554d89500e99351",
            "security_group_rule_id": "sgr-0b2795168f0eec726",
            "self": false,
            "source_security_group_id": "sg-042f503553bfa3b64",
            "timeouts": null,
            "to_port": 65535,
            "type": "ingress"
          },
          "sensitive_attributes": [],
          "private": "eyJlMmJmYjczMC1lY2FhLTExZTYtOGY4OC0zNDM2M2JjN2M0YzAiOnsiY3JlYXRlIjozMDAwMDAwMDAwMDB9LCJzY2hlbWFfdmVyc2lvbiI6IjIifQ==",
          "dependencies": [
            "aws_security_group.eks_cluster",
            "aws_security_group.eks_nodes",
            "aws_vpc.k8s-vpc"
          ]
        }
      ]
    },
    {
      "mode": "managed",
      "type": "aws_security_group_rule",
      "name": "nodes_inbound",
      "provider": "provider[\"registry.terraform.io/hashicorp/aws\"]",
      "instances": [
        {
          "schema_version": 2,
          "attributes": {
            "cidr_blocks": [
              "10.0.2.0/24",
              "10.0.3.0/24"
            ],
            "description": "Allow worker Kubelets and pods to receive communication from the cluster control plane",
            "from_port": 1025,
            "id": "sgrule-2277937608",
            "ipv6_cidr_blocks": null,
            "prefix_list_ids": null,
            "protocol": "tcp",
            "security_group_id": "sg-0e61303646e5a776c",
            "security_group_rule_id": "",
            "self": false,
            "source_security_group_id": null,
            "timeouts": null,
            "to_port": 65535,
            "type": "ingress"
          },
          "sensitive_attributes": [],
          "private": "eyJlMmJmYjczMC1lY2FhLTExZTYtOGY4OC0zNDM2M2JjN2M0YzAiOnsiY3JlYXRlIjozMDAwMDAwMDAwMDB9LCJzY2hlbWFfdmVyc2lvbiI6IjIifQ==",
          "dependencies": [
            "aws_security_group.data_plane_sg",
            "aws_vpc.k8s-vpc"
          ]
        }
      ]
    },
    {
      "mode": "managed",
      "type": "aws_security_group_rule",
      "name": "nodes_internal",
      "provider": "provider[\"registry.terraform.io/hashicorp/aws\"]",
      "instances": [
        {
          "schema_version": 2,
          "attributes": {
            "cidr_blocks": null,
            "description": "Allow nodes to communicate with each other",
            "from_port": 0,
            "id": "sgrule-1653734421",
            "ipv6_cidr_blocks": null,
            "prefix_list_ids": null,
            "protocol": "-1",
            "security_group_id": "sg-0c554d89500e99351",
            "security_group_rule_id": "sgr-0ab1e83642463108d",
            "self": false,
            "source_security_group_id": "sg-0c554d89500e99351",
            "timeouts": null,
            "to_port": 65535,
            "type": "ingress"
          },
          "sensitive_attributes": [],
          "private": "eyJlMmJmYjczMC1lY2FhLTExZTYtOGY4OC0zNDM2M2JjN2M0YzAiOnsiY3JlYXRlIjozMDAwMDAwMDAwMDB9LCJzY2hlbWFfdmVyc2lvbiI6IjIifQ==",
          "dependencies": [
            "aws_security_group.eks_nodes",
            "aws_vpc.k8s-vpc"
          ]
        }
      ]
    },
    {
      "mode": "managed",
      "type": "aws_security_group_rule",
      "name": "sg_egress_public",
      "provider": "provider[\"registry.terraform.io/hashicorp/aws\"]",
      "instances": [
        {
          "schema_version": 2,
          "attributes": {
            "cidr_blocks": [
              "0.0.0.0/0"
            ],
            "description": null,
            "from_port": 0,
            "id": "sgrule-1981568503",
            "ipv6_cidr_blocks": null,
            "prefix_list_ids": null,
            "protocol": "-1",
            "security_group_id": "sg-00c2ce5f20d9acaae",
            "security_group_rule_id": "sgr-082e6fb30c4826bf4",
            "self": false,
            "source_security_group_id": null,
            "timeouts": null,
            "to_port": 0,
            "type": "egress"
          },
          "sensitive_attributes": [],
          "private": "eyJlMmJmYjczMC1lY2FhLTExZTYtOGY4OC0zNDM2M2JjN2M0YzAiOnsiY3JlYXRlIjozMDAwMDAwMDAwMDB9LCJzY2hlbWFfdmVyc2lvbiI6IjIifQ==",
          "dependencies": [
            "aws_security_group.public_sg",
            "aws_vpc.k8s-vpc"
          ]
        }
      ]
    },
    {
      "mode": "managed",
      "type": "aws_security_group_rule",
      "name": "sg_ingress_public_443",
      "provider": "provider[\"registry.terraform.io/hashicorp/aws\"]",
      "instances": [
        {
          "schema_version": 2,
          "attributes": {
            "cidr_blocks": [
              "0.0.0.0/0"
            ],
            "description": null,
            "from_port": 443,
            "id": "sgrule-2245632300",
            "ipv6_cidr_blocks": null,
            "prefix_list_ids": null,
            "protocol": "tcp",
            "security_group_id": "sg-00c2ce5f20d9acaae",
            "security_group_rule_id": "sgr-0c042fc5c48fcdb61",
            "self": false,
            "source_security_group_id": null,
            "timeouts": null,
            "to_port": 443,
            "type": "ingress"
          },
          "sensitive_attributes": [],
          "private": "eyJlMmJmYjczMC1lY2FhLTExZTYtOGY4OC0zNDM2M2JjN2M0YzAiOnsiY3JlYXRlIjozMDAwMDAwMDAwMDB9LCJzY2hlbWFfdmVyc2lvbiI6IjIifQ==",
          "dependencies": [
            "aws_security_group.public_sg",
            "aws_vpc.k8s-vpc"
          ]
        }
      ]
    },
    {
      "mode": "managed",
      "type": "aws_security_group_rule",
      "name": "sg_ingress_public_80",
      "provider": "provider[\"registry.terraform.io/hashicorp/aws\"]",
      "instances": [
        {
          "schema_version": 2,
          "attributes": {
            "cidr_blocks": [
              "0.0.0.0/0"
            ],
            "description": null,
            "from_port": 80,
            "id": "sgrule-2097563895",
            "ipv6_cidr_blocks": null,
            "prefix_list_ids": null,
            "protocol": "tcp",
            "security_group_id": "sg-00c2ce5f20d9acaae",
            "security_group_rule_id": "sgr-04caae5cba556c562",
            "self": false,
            "source_security_group_id": null,
            "timeouts": null,
            "to_port": 80,
            "type": "ingress"
          },
          "sensitive_attributes": [],
          "private": "eyJlMmJmYjczMC1lY2FhLTExZTYtOGY4OC0zNDM2M2JjN2M0YzAiOnsiY3JlYXRlIjozMDAwMDAwMDAwMDB9LCJzY2hlbWFfdmVyc2lvbiI6IjIifQ==",
          "dependencies": [
            "aws_security_group.public_sg",
            "aws_vpc.k8s-vpc"
          ]
        }
      ]
    },
    {
      "mode": "managed",
      "type": "aws_subnet",
      "name": "private",
      "provider": "provider[\"registry.terraform.io/hashicorp/aws\"]",
      "instances": [
        {
          "index_key": 0,
          "schema_version": 1,
          "attributes": {
            "arn": "arn:aws:ec2:us-east-1:659797033228:subnet/subnet-0cf7d8fd19b7932b5",
            "assign_ipv6_address_on_creation": false,
            "availability_zone": "us-east-1a",
            "availability_zone_id": "use1-az1",
            "cidr_block": "10.0.2.0/24",
            "customer_owned_ipv4_pool": "",
            "enable_dns64": false,
            "enable_lni_at_device_index": 0,
            "enable_resource_name_dns_a_record_on_launch": false,
            "enable_resource_name_dns_aaaa_record_on_launch": false,
            "id": "subnet-0cf7d8fd19b7932b5",
            "ipv6_cidr_block": "",
            "ipv6_cidr_block_association_id": "",
            "ipv6_native": false,
            "map_customer_owned_ip_on_launch": false,
            "map_public_ip_on_launch": false,
            "outpost_arn": "",
            "owner_id": "659797033228",
            "private_dns_hostname_type_on_launch": "ip-name",
            "tags": {
              "Name": "demo-project-private-sg",
              "kubernetes.io/cluster/demo-project-cluster": "shared",
              "kubernetes.io/role/internal-elb": "1"
            },
            "tags_all": {
              "Name": "demo-project-private-sg",
              "kubernetes.io/cluster/demo-project-cluster": "shared",
              "kubernetes.io/role/internal-elb": "1"
            },
            "timeouts": null,
            "vpc_id": "vpc-0f6f5b1eaa303e55e"
          },
          "sensitive_attributes": [],
          "private": "eyJlMmJmYjczMC1lY2FhLTExZTYtOGY4OC0zNDM2M2JjN2M0YzAiOnsiY3JlYXRlIjo2MDAwMDAwMDAwMDAsImRlbGV0ZSI6MTIwMDAwMDAwMDAwMH0sInNjaGVtYV92ZXJzaW9uIjoiMSJ9",
          "dependencies": [
            "aws_vpc.k8s-vpc",
            "data.aws_availability_zones.available"
          ]
        },
        {
          "index_key": 1,
          "schema_version": 1,
          "attributes": {
            "arn": "arn:aws:ec2:us-east-1:659797033228:subnet/subnet-0155462bdfc8504d6",
            "assign_ipv6_address_on_creation": false,
            "availability_zone": "us-east-1b",
            "availability_zone_id": "use1-az2",
            "cidr_block": "10.0.3.0/24",
            "customer_owned_ipv4_pool": "",
            "enable_dns64": false,
            "enable_lni_at_device_index": 0,
            "enable_resource_name_dns_a_record_on_launch": false,
            "enable_resource_name_dns_aaaa_record_on_launch": false,
            "id": "subnet-0155462bdfc8504d6",
            "ipv6_cidr_block": "",
            "ipv6_cidr_block_association_id": "",
            "ipv6_native": false,
            "map_customer_owned_ip_on_launch": false,
            "map_public_ip_on_launch": false,
            "outpost_arn": "",
            "owner_id": "659797033228",
            "private_dns_hostname_type_on_launch": "ip-name",
            "tags": {
              "Name": "demo-project-private-sg",
              "kubernetes.io/cluster/demo-project-cluster": "shared",
              "kubernetes.io/role/internal-elb": "1"
            },
            "tags_all": {
              "Name": "demo-project-private-sg",
              "kubernetes.io/cluster/demo-project-cluster": "shared",
              "kubernetes.io/role/internal-elb": "1"
            },
            "timeouts": null,
            "vpc_id": "vpc-0f6f5b1eaa303e55e"
          },
          "sensitive_attributes": [],
          "private": "eyJlMmJmYjczMC1lY2FhLTExZTYtOGY4OC0zNDM2M2JjN2M0YzAiOnsiY3JlYXRlIjo2MDAwMDAwMDAwMDAsImRlbGV0ZSI6MTIwMDAwMDAwMDAwMH0sInNjaGVtYV92ZXJzaW9uIjoiMSJ9",
          "dependencies": [
            "aws_vpc.k8s-vpc",
            "data.aws_availability_zones.available"
          ]
        }
      ]
    },
    {
      "mode": "managed",
      "type": "aws_subnet",
      "name": "public",
      "provider": "provider[\"registry.terraform.io/hashicorp/aws\"]",
      "instances": [
        {
          "index_key": 0,
          "schema_version": 1,
          "attributes": {
            "arn": "arn:aws:ec2:us-east-1:659797033228:subnet/subnet-033e46effe1d14352",
            "assign_ipv6_address_on_creation": false,
            "availability_zone": "us-east-1a",
            "availability_zone_id": "use1-az1",
            "cidr_block": "10.0.0.0/24",
            "customer_owned_ipv4_pool": "",
            "enable_dns64": false,
            "enable_lni_at_device_index": 0,
            "enable_resource_name_dns_a_record_on_launch": false,
            "enable_resource_name_dns_aaaa_record_on_launch": false,
            "id": "subnet-033e46effe1d14352",
            "ipv6_cidr_block": "",
            "ipv6_cidr_block_association_id": "",
            "ipv6_native": false,
            "map_customer_owned_ip_on_launch": false,
            "map_public_ip_on_launch": true,
            "outpost_arn": "",
            "owner_id": "659797033228",
            "private_dns_hostname_type_on_launch": "ip-name",
            "tags": {
              "Name": "demo-project-public-sg",
              "kubernetes.io/cluster/demo-project-cluster": "shared",
              "kubernetes.io/role/elb": "1"
            },
            "tags_all": {
              "Name": "demo-project-public-sg",
              "kubernetes.io/cluster/demo-project-cluster": "shared",
              "kubernetes.io/role/elb": "1"
            },
            "timeouts": null,
            "vpc_id": "vpc-0f6f5b1eaa303e55e"
          },
          "sensitive_attributes": [],
          "private": "eyJlMmJmYjczMC1lY2FhLTExZTYtOGY4OC0zNDM2M2JjN2M0YzAiOnsiY3JlYXRlIjo2MDAwMDAwMDAwMDAsImRlbGV0ZSI6MTIwMDAwMDAwMDAwMH0sInNjaGVtYV92ZXJzaW9uIjoiMSJ9",
          "dependencies": [
            "aws_vpc.k8s-vpc",
            "data.aws_availability_zones.available"
          ]
        },
        {
          "index_key": 1,
          "schema_version": 1,
          "attributes": {
            "arn": "arn:aws:ec2:us-east-1:659797033228:subnet/subnet-032df888058076760",
            "assign_ipv6_address_on_creation": false,
            "availability_zone": "us-east-1b",
            "availability_zone_id": "use1-az2",
            "cidr_block": "10.0.1.0/24",
            "customer_owned_ipv4_pool": "",
            "enable_dns64": false,
            "enable_lni_at_device_index": 0,
            "enable_resource_name_dns_a_record_on_launch": false,
            "enable_resource_name_dns_aaaa_record_on_launch": false,
            "id": "subnet-032df888058076760",
            "ipv6_cidr_block": "",
            "ipv6_cidr_block_association_id": "",
            "ipv6_native": false,
            "map_customer_owned_ip_on_launch": false,
            "map_public_ip_on_launch": true,
            "outpost_arn": "",
            "owner_id": "659797033228",
            "private_dns_hostname_type_on_launch": "ip-name",
            "tags": {
              "Name": "demo-project-public-sg",
              "kubernetes.io/cluster/demo-project-cluster": "shared",
              "kubernetes.io/role/elb": "1"
            },
            "tags_all": {
              "Name": "demo-project-public-sg",
              "kubernetes.io/cluster/demo-project-cluster": "shared",
              "kubernetes.io/role/elb": "1"
            },
            "timeouts": null,
            "vpc_id": "vpc-0f6f5b1eaa303e55e"
          },
          "sensitive_attributes": [],
          "private": "eyJlMmJmYjczMC1lY2FhLTExZTYtOGY4OC0zNDM2M2JjN2M0YzAiOnsiY3JlYXRlIjo2MDAwMDAwMDAwMDAsImRlbGV0ZSI6MTIwMDAwMDAwMDAwMH0sInNjaGVtYV92ZXJzaW9uIjoiMSJ9",
          "dependencies": [
            "aws_vpc.k8s-vpc",
            "data.aws_availability_zones.available"
          ]
        }
      ]
    },
    {
      "mode": "managed",
      "type": "aws_vpc",
      "name": "k8s-vpc",
      "provider": "provider[\"registry.terraform.io/hashicorp/aws\"]",
      "instances": [
        {
          "schema_version": 1,
          "attributes": {
            "arn": "arn:aws:ec2:us-east-1:659797033228:vpc/vpc-0f6f5b1eaa303e55e",
            "assign_generated_ipv6_cidr_block": false,
            "cidr_block": "10.0.0.0/16",
            "default_network_acl_id": "acl-0281c4532b29bf143",
            "default_route_table_id": "rtb-074cfffa20bacc7a0",
            "default_security_group_id": "sg-073462a0d4ed05938",
            "dhcp_options_id": "dopt-95617bef",
            "enable_dns_hostnames": true,
            "enable_dns_support": true,
            "enable_network_address_usage_metrics": false,
            "id": "vpc-0f6f5b1eaa303e55e",
            "instance_tenancy": "default",
            "ipv4_ipam_pool_id": null,
            "ipv4_netmask_length": null,
            "ipv6_association_id": "",
            "ipv6_cidr_block": "",
            "ipv6_cidr_block_network_border_group": "",
            "ipv6_ipam_pool_id": "",
            "ipv6_netmask_length": 0,
            "main_route_table_id": "rtb-074cfffa20bacc7a0",
            "owner_id": "659797033228",
            "tags": {
              "Name": "demo-project-vpc",
              "kubernetes.io/cluster/demo-project-cluster": "shared"
            },
            "tags_all": {
              "Name": "demo-project-vpc",
              "kubernetes.io/cluster/demo-project-cluster": "shared"
            }
          },
          "sensitive_attributes": [],
          "private": "eyJzY2hlbWFfdmVyc2lvbiI6IjEifQ=="
        }
      ]
    }
  ],
  "check_results": null
}
